
Microsoft Visual Studio Solution File, Format Version 12.00
# Visual Studio Version 17
VisualStudioVersion = 17.7.34221.43
MinimumVisualStudioVersion = 10.0.40219.1
Project("{8BC9CEB8-8B4A-11D0-8D11-00A0C91BC942}") = "laba16_3", "laba16_3\laba16_3.vcxproj", "{64DC6ACB-BD87-4000-B4F4-2557BC6A7D8E}"
EndProject
Global
	GlobalSection(SolutionConfigurationPlatforms) = preSolution
		Debug|x64 = Debug|x64
		Debug|x86 = Debug|x86
		Release|x64 = Release|x64
		Release|x86 = Release|x86
	EndGlobalSection
	GlobalSection(ProjectConfigurationPlatforms) = postSolution
		{64DC6ACB-BD87-4000-B4F4-2557BC6A7D8E}.Debug|x64.ActiveCfg = Debug|x64
		{64DC6ACB-BD87-4000-B4F4-2557BC6A7D8E}.Debug|x64.Build.0 = Debug|x64
		{64DC6ACB-BD87-4000-B4F4-2557BC6A7D8E}.Debug|x86.ActiveCfg = Debug|Win32
		{64DC6ACB-BD87-4000-B4F4-2557BC6A7D8E}.Debug|x86.Build.0 = Debug|Win32
		{64DC6ACB-BD87-4000-B4F4-2557BC6A7D8E}.Release|x64.ActiveCfg = Release|x64
		{64DC6ACB-BD87-4000-B4F4-2557BC6A7D8E}.Release|x64.Build.0 = Release|x64
		{64DC6ACB-BD87-4000-B4F4-2557BC6A7D8E}.Release|x86.ActiveCfg = Release|Win32
		{64DC6ACB-BD87-4000-B4F4-2557BC6A7D8E}.Release|x86.Build.0 = Release|Win32
	EndGlobalSection
	GlobalSection(SolutionProperties) = preSolution
		HideSolutionNode = FALSE
	EndGlobalSection
	GlobalSection(ExtensibilityGlobals) = postSolution
		SolutionGuid = {EB2E6A75-CC62-49DB-B15F-BB8244F1D569}
	EndGlobalSection
EndGlobal
